{
  "requires": true,
  "lockfileVersion": 1,
  "dependencies": {
    "octicons": {
      "version": "5.0.1",
      "resolved": "https://registry.npmjs.org/octicons/-/octicons-5.0.1.tgz",
      "integrity": "sha1-D6DE/TaA0lEmbwc3NlOTF8uEbk8="
    },
    "primer-alerts": {
      "version": "1.2.1",
      "resolved": "https://registry.npmjs.org/primer-alerts/-/primer-alerts-1.2.1.tgz",
      "integrity": "sha1-n9uxNv/pyJoqlDdfam+H1NZHkRI=",
      "requires": {
        "primer-support": "4.1.1"
      }
    },
    "primer-avatars": {
      "version": "1.1.1",
      "resolved": "https://registry.npmjs.org/primer-avatars/-/primer-avatars-1.1.1.tgz",
      "integrity": "sha1-V2bAtsgg8bxDC8SqLtYWdlFrnQc=",
      "requires": {
        "primer-support": "4.1.1"
      }
    },
    "primer-base": {
      "version": "1.2.1",
      "resolved": "https://registry.npmjs.org/primer-base/-/primer-base-1.2.1.tgz",
      "integrity": "sha1-PBHxUDdJWqjb/Ug/RoCJ5Xn00jQ=",
      "requires": {
        "primer-support": "4.1.1"
      }
    },
    "primer-blankslate": {
      "version": "1.1.1",
      "resolved": "https://registry.npmjs.org/primer-blankslate/-/primer-blankslate-1.1.1.tgz",
      "integrity": "sha1-CcoT9uWntrWmB3+ANLS/A5T6AcE=",
      "requires": {
        "primer-support": "4.1.1"
      }
    },
    "primer-box": {
      "version": "2.2.1",
      "resolved": "https://registry.npmjs.org/primer-box/-/primer-box-2.2.1.tgz",
      "integrity": "sha1-xdnBso3kARnejLd10TmmA5rgHB8=",
      "requires": {
        "primer-support": "4.1.1"
      }
    },
    "primer-breadcrumb": {
      "version": "1.1.1",
      "resolved": "https://registry.npmjs.org/primer-breadcrumb/-/primer-breadcrumb-1.1.1.tgz",
      "integrity": "sha1-dena5aBsnvSO70OuGaCK6FSD2Lc=",
      "requires": {
        "primer-marketing-support": "1.1.0",
        "primer-support": "4.1.1"
      }
    },
    "primer-buttons": {
      "version": "2.1.1",
      "resolved": "https://registry.npmjs.org/primer-buttons/-/primer-buttons-2.1.1.tgz",
      "integrity": "sha1-Mz3JRDMx6e4bC9MloCZdA3hQ+YM=",
      "requires": {
        "primer-support": "4.1.1"
      }
    },
    "primer-cards": {
      "version": "0.2.1",
      "resolved": "https://registry.npmjs.org/primer-cards/-/primer-cards-0.2.1.tgz",
      "integrity": "sha1-cOhftGCFL8D30grxQbyEZsvHL4s=",
      "requires": {
        "primer-marketing-support": "1.1.0",
        "primer-support": "4.1.1"
      }
    },
    "primer-core": {
      "version": "6.1.1",
      "resolved": "https://registry.npmjs.org/primer-core/-/primer-core-6.1.1.tgz",
      "integrity": "sha1-xejPttb8lOFrwb1dpVrn2O0SpoU=",
      "requires": {
        "primer-base": "1.2.1",
        "primer-box": "2.2.1",
        "primer-buttons": "2.1.1",
        "primer-forms": "1.1.1",
        "primer-layout": "1.1.1",
        "primer-navigation": "1.1.1",
        "primer-support": "4.1.1",
        "primer-table-object": "1.1.1",
        "primer-tooltips": "1.1.1",
        "primer-truncate": "1.1.1",
        "primer-utilities": "4.4.1"
      }
    },
    "primer-css": {
      "version": "9.1.1",
      "resolved": "https://registry.npmjs.org/primer-css/-/primer-css-9.1.1.tgz",
      "integrity": "sha1-FcCc5twNh+XBeKqm0qowy+xVS5o=",
      "requires": {
        "primer-alerts": "1.2.1",
        "primer-avatars": "1.1.1",
        "primer-base": "1.2.1",
        "primer-blankslate": "1.1.1",
        "primer-box": "2.2.1",
        "primer-breadcrumb": "1.1.1",
        "primer-buttons": "2.1.1",
        "primer-cards": "0.2.1",
        "primer-core": "6.1.1",
        "primer-forms": "1.1.1",
        "primer-labels": "1.2.1",
        "primer-layout": "1.1.1",
        "primer-markdown": "3.4.1",
        "primer-marketing": "5.1.1",
        "primer-marketing-support": "1.1.0",
        "primer-marketing-type": "1.1.1",
        "primer-marketing-utilities": "1.1.1",
        "primer-navigation": "1.1.1",
        "primer-page-headers": "1.1.1",
        "primer-page-sections": "1.1.1",
        "primer-product": "5.1.1",
        "primer-support": "4.1.1",
        "primer-table-object": "1.1.1",
        "primer-tables": "1.1.1",
        "primer-tooltips": "1.1.1",
        "primer-truncate": "1.1.1",
        "primer-utilities": "4.4.1"
      }
    },
    "primer-forms": {
      "version": "1.1.1",
      "resolved": "https://registry.npmjs.org/primer-forms/-/primer-forms-1.1.1.tgz",
      "integrity": "sha1-0Vh6IFClVsKFUsaXR3FhCbwbyeM=",
      "requires": {
        "primer-support": "4.1.1"
      }
    },
    "primer-labels": {
      "version": "1.2.1",
      "resolved": "https://registry.npmjs.org/primer-labels/-/primer-labels-1.2.1.tgz",
      "integrity": "sha1-uar3b66LNQhznMOBdqnqmREIWew=",
      "requires": {
        "primer-support": "4.1.1"
      }
    },
    "primer-layout": {
      "version": "1.1.1",
      "resolved": "https://registry.npmjs.org/primer-layout/-/primer-layout-1.1.1.tgz",
      "integrity": "sha1-wwYeCCv2gbTJupqvmg97EiPU7dg=",
      "requires": {
        "primer-support": "4.1.1"
      }
    },
    "primer-markdown": {
      "version": "3.4.1",
      "resolved": "https://registry.npmjs.org/primer-markdown/-/primer-markdown-3.4.1.tgz",
      "integrity": "sha1-c++/REAwtkf9CMAe4tZ1rpdKk24=",
      "requires": {
        "primer-support": "4.1.1"
      }
    },
    "primer-marketing": {
      "version": "5.1.1",
      "resolved": "https://registry.npmjs.org/primer-marketing/-/primer-marketing-5.1.1.tgz",
      "integrity": "sha1-5WaFgnkO6ZPq2jwhZU9Oze8FR7g=",
      "requires": {
        "primer-breadcrumb": "1.1.1",
        "primer-cards": "0.2.1",
        "primer-marketing-support": "1.1.0",
        "primer-marketing-type": "1.1.1",
        "primer-marketing-utilities": "1.1.1",
        "primer-page-headers": "1.1.1",
        "primer-page-sections": "1.1.1",
        "primer-support": "4.1.1",
        "primer-tables": "1.1.1"
      }
    },
    "primer-marketing-support": {
      "version": "1.1.0",
      "resolved": "https://registry.npmjs.org/primer-marketing-support/-/primer-marketing-support-1.1.0.tgz",
      "integrity": "sha1-SDKpM1j6cz/abDuEUHd+V0+dS60="
    },
    "primer-marketing-type": {
      "version": "1.1.1",
      "resolved": "https://registry.npmjs.org/primer-marketing-type/-/primer-marketing-type-1.1.1.tgz",
      "integrity": "sha1-/uL5pYjQcRl5UF+UdLlU4ZwQJg0=",
      "requires": {
        "primer-marketing-support": "1.1.0",
        "primer-support": "4.1.1"
      }
    },
    "primer-marketing-utilities": {
      "version": "1.1.1",
      "resolved": "https://registry.npmjs.org/primer-marketing-utilities/-/primer-marketing-utilities-1.1.1.tgz",
      "integrity": "sha1-hsrlNLGz2Q5/VTCKm0fTM5g4Tzk=",
      "requires": {
        "primer-marketing-support": "1.1.0",
        "primer-support": "4.1.1"
      }
    },
    "primer-navigation": {
      "version": "1.1.1",
      "resolved": "https://registry.npmjs.org/primer-navigation/-/primer-navigation-1.1.1.tgz",
      "integrity": "sha1-7rCYeb7zU7YUT270cuThMZoFpNg=",
      "requires": {
        "primer-support": "4.1.1"
      }
    },
    "primer-page-headers": {
      "version": "1.1.1",
      "resolved": "https://registry.npmjs.org/primer-page-headers/-/primer-page-headers-1.1.1.tgz",
      "integrity": "sha1-JcfMT7WLpPFvmtzJN/IQWBk+tqU=",
      "requires": {
        "primer-marketing-support": "1.1.0",
        "primer-support": "4.1.1"
      }
    },
    "primer-page-sections": {
      "version": "1.1.1",
      "resolved": "https://registry.npmjs.org/primer-page-sections/-/primer-page-sections-1.1.1.tgz",
      "integrity": "sha1-72g1veoEv8cIcOrq5LQE20gwzbo=",
      "requires": {
        "primer-marketing-support": "1.1.0",
        "primer-support": "4.1.1"
      }
    },
    "primer-product": {
      "version": "5.1.1",
      "resolved": "https://registry.npmjs.org/primer-product/-/primer-product-5.1.1.tgz",
      "integrity": "sha1-zTqLd8P4SZha+I2YFsoxWLWk9mo=",
      "requires": {
        "primer-alerts": "1.2.1",
        "primer-avatars": "1.1.1",
        "primer-blankslate": "1.1.1",
        "primer-labels": "1.2.1",
        "primer-markdown": "3.4.1",
        "primer-support": "4.1.1"
      }
    },
    "primer-support": {
      "version": "4.1.1",
      "resolved": "https://registry.npmjs.org/primer-support/-/primer-support-4.1.1.tgz",
      "integrity": "sha1-Lk+yn2ZA4Vbl2wZSMqR23XJ5uHs="
    },
    "primer-table-object": {
      "version": "1.1.1",
      "resolved": "https://registry.npmjs.org/primer-table-object/-/primer-table-object-1.1.1.tgz",
      "integrity": "sha1-hEiRrTnzWE0QSZKnSb2wml+wCkg=",
      "requires": {
        "primer-support": "4.1.1"
      }
    },
    "primer-tables": {
      "version": "1.1.1",
      "resolved": "https://registry.npmjs.org/primer-tables/-/primer-tables-1.1.1.tgz",
      "integrity": "sha1-Rg5gvdVLGEnDYOtuGUa47xLC4ak=",
      "requires": {
        "primer-marketing-support": "1.1.0",
        "primer-support": "4.1.1"
      }
    },
    "primer-tooltips": {
      "version": "1.1.1",
      "resolved": "https://registry.npmjs.org/primer-tooltips/-/primer-tooltips-1.1.1.tgz",
      "integrity": "sha1-Y/Oh2mMamEjMliRV5nxgiZtpYhs=",
      "requires": {
        "primer-support": "4.1.1"
      }
    },
    "primer-truncate": {
      "version": "1.1.1",
      "resolved": "https://registry.npmjs.org/primer-truncate/-/primer-truncate-1.1.1.tgz",
      "integrity": "sha1-OeuYXlYXSuLusJYz36j8ZG+2lBE=",
      "requires": {
        "primer-support": "4.1.1"
      }
    },
    "primer-utilities": {
      "version": "4.4.1",
      "resolved": "https://registry.npmjs.org/primer-utilities/-/primer-utilities-4.4.1.tgz",
      "integrity": "sha1-OgDNXgjql8sPSWV9G8aHsS/t+MI=",
      "requires": {
        "primer-support": "4.1.1"
      }
    }
  }
}
